{
  "name": "@hexlink/redpacket",
  "version": "0.1.2",
  "lockfileVersion": 2,
  "requires": true,
  "packages": {
    "": {
      "name": "@hexlink/redpacket",
      "version": "0.1.2",
      "dependencies": {
        "@hexlink/common": "file:../common"
      }
    },
    "../common": {
      "name": "@hexlink/common",
      "version": "0.1.5",
      "dependencies": {
        "bignumber.js": "^9.1.1",
        "ethers": "^5.7.2"
      }
    },
    "node_modules/@hexlink/common": {
      "resolved": "../common",
      "link": true
    }
  },
  "dependencies": {
    "@hexlink/common": {
      "version": "file:../common",
      "requires": {
        "bignumber.js": "^9.1.1",
        "ethers": "^5.7.2"
      }
    }
  }
}
