{
  "name": "@hexlink/redpacket",
  "version": "0.1.2",
  "lockfileVersion": 2,
  "requires": true,
  "packages": {
    "": {
      "name": "@hexlink/redpacket",
      "version": "0.1.2",
      "dependencies": {
        "@hexlink/common": "file:../common",
        "@types/node": "^18.11.18"
      }
    },
    "../common": {
      "name": "@hexlink/common",
      "version": "0.1.5",
      "dependencies": {
        "@types/node": "^18.11.18",
        "bignumber.js": "^9.1.1",
        "ethers": "^5.7.2",
        "typescript": "^4.9.4"
      }
    },
    "node_modules/@hexlink/common": {
      "resolved": "../common",
      "link": true
    },
    "node_modules/@types/node": {
      "version": "18.11.18",
      "resolved": "https://registry.npmjs.org/@types/node/-/node-18.11.18.tgz",
      "integrity": "sha512-DHQpWGjyQKSHj3ebjFI/wRKcqQcdR+MoFBygntYOZytCqNfkd2ZC4ARDJ2DQqhjH5p85Nnd3jhUJIXrszFX/JA=="
    }
  },
  "dependencies": {
    "@hexlink/common": {
      "version": "file:../common",
      "requires": {
        "@types/node": "^18.11.18",
        "bignumber.js": "^9.1.1",
        "ethers": "^5.7.2",
        "typescript": "^4.9.4"
      }
    },
    "@types/node": {
      "version": "18.11.18",
      "resolved": "https://registry.npmjs.org/@types/node/-/node-18.11.18.tgz",
      "integrity": "sha512-DHQpWGjyQKSHj3ebjFI/wRKcqQcdR+MoFBygntYOZytCqNfkd2ZC4ARDJ2DQqhjH5p85Nnd3jhUJIXrszFX/JA=="
    }
  }
}
